
Microsoft Visual Studio Solution File, Format Version 12.00
# Visual Studio Version 17
VisualStudioVersion = 17.5.002.0
MinimumVisualStudioVersion = 10.0.40219.1
Project("{9A19103F-16F7-4668-BE54-9A1E7A4F7556}") = "QuantumDemo", "QuantumDemo\QuantumDemo.csproj", "{C27E3BC3-49A8-4B67-AD89-72748C835EBD}"
EndProject
Global
	GlobalSection(SolutionConfigurationPlatforms) = preSolution
		Debug|Any CPU = Debug|Any CPU
		Release|Any CPU = Release|Any CPU
	EndGlobalSection
	GlobalSection(ProjectConfigurationPlatforms) = postSolution
		{C27E3BC3-49A8-4B67-AD89-72748C835EBD}.Debug|Any CPU.ActiveCfg = Debug|Any CPU
		{C27E3BC3-49A8-4B67-AD89-72748C835EBD}.Debug|Any CPU.Build.0 = Debug|Any CPU
		{C27E3BC3-49A8-4B67-AD89-72748C835EBD}.Release|Any CPU.ActiveCfg = Release|Any CPU
		{C27E3BC3-49A8-4B67-AD89-72748C835EBD}.Release|Any CPU.Build.0 = Release|Any CPU
	EndGlobalSection
	GlobalSection(SolutionProperties) = preSolution
		HideSolutionNode = FALSE
	EndGlobalSection
	GlobalSection(ExtensibilityGlobals) = postSolution
		SolutionGuid = {0AACFC43-201B-48B7-BB6A-ED0B46885B2D}
	EndGlobalSection
EndGlobal
